
Microsoft Visual Studio Solution File, Format Version 12.00
# Visual Studio Version 17
VisualStudioVersion = 17.5.33424.131
MinimumVisualStudioVersion = 10.0.40219.1
Project("{FAE04EC0-301F-11D3-BF4B-00C04F79EFBC}") = "File_Search", "File_Search\File_Search.csproj", "{B23E79B7-0F46-4A8A-9674-EE62901B1E99}"
EndProject
Project("{FAE04EC0-301F-11D3-BF4B-00C04F79EFBC}") = "Computer_components", "Computer_components\Computer_components.csproj", "{6CAA2D59-86DC-4B49-B08A-59403ADC35C2}"
EndProject
Project("{FAE04EC0-301F-11D3-BF4B-00C04F79EFBC}") = "TextEditing", "TextEditing\TextEditing.csproj", "{CFEBD2FA-7F04-41FD-963F-36DDE0734E43}"
EndProject
Global
	GlobalSection(SolutionConfigurationPlatforms) = preSolution
		Debug|Any CPU = Debug|Any CPU
		Release|Any CPU = Release|Any CPU
	EndGlobalSection
	GlobalSection(ProjectConfigurationPlatforms) = postSolution
		{B23E79B7-0F46-4A8A-9674-EE62901B1E99}.Debug|Any CPU.ActiveCfg = Debug|Any CPU
		{B23E79B7-0F46-4A8A-9674-EE62901B1E99}.Debug|Any CPU.Build.0 = Debug|Any CPU
		{B23E79B7-0F46-4A8A-9674-EE62901B1E99}.Release|Any CPU.ActiveCfg = Release|Any CPU
		{B23E79B7-0F46-4A8A-9674-EE62901B1E99}.Release|Any CPU.Build.0 = Release|Any CPU
		{6CAA2D59-86DC-4B49-B08A-59403ADC35C2}.Debug|Any CPU.ActiveCfg = Debug|Any CPU
		{6CAA2D59-86DC-4B49-B08A-59403ADC35C2}.Debug|Any CPU.Build.0 = Debug|Any CPU
		{6CAA2D59-86DC-4B49-B08A-59403ADC35C2}.Release|Any CPU.ActiveCfg = Release|Any CPU
		{6CAA2D59-86DC-4B49-B08A-59403ADC35C2}.Release|Any CPU.Build.0 = Release|Any CPU
		{CFEBD2FA-7F04-41FD-963F-36DDE0734E43}.Debug|Any CPU.ActiveCfg = Debug|Any CPU
		{CFEBD2FA-7F04-41FD-963F-36DDE0734E43}.Debug|Any CPU.Build.0 = Debug|Any CPU
		{CFEBD2FA-7F04-41FD-963F-36DDE0734E43}.Release|Any CPU.ActiveCfg = Release|Any CPU
		{CFEBD2FA-7F04-41FD-963F-36DDE0734E43}.Release|Any CPU.Build.0 = Release|Any CPU
	EndGlobalSection
	GlobalSection(SolutionProperties) = preSolution
		HideSolutionNode = FALSE
	EndGlobalSection
	GlobalSection(ExtensibilityGlobals) = postSolution
		SolutionGuid = {667E4E85-FF04-4054-BB76-22FED2E928B1}
	EndGlobalSection
EndGlobal
